
Microsoft Visual Studio Solution File, Format Version 12.00
# Visual Studio Version 16
VisualStudioVersion = 16.0.33927.289
MinimumVisualStudioVersion = 10.0.40219.1
Project("{2150E333-8FDC-42A3-9474-1A3956D46DE8}") = "Task0", "Task0", "{98EB7467-47E5-4CAD-9D52-62925672F1A3}"
EndProject
Project("{FAE04EC0-301F-11D3-BF4B-00C04F79EFBC}") = "Tyuiu.NosyrevaUA.Sprint0.Task0.V0", "Tyuiu.NosyrevaUA.Sprint0.Task0.V0\Tyuiu.NosyrevaUA.Sprint0.Task0.V0.csproj", "{880C8E58-ED16-4368-8FCB-1BF261AC811C}"
EndProject
Project("{2150E333-8FDC-42A3-9474-1A3956D46DE8}") = "Task1", "Task1", "{E13EBE52-F596-4FFA-BEE2-2E2AF5F4AF4F}"
EndProject
Project("{FAE04EC0-301F-11D3-BF4B-00C04F79EFBC}") = "Tyuiu.NosyrevaUA.Sprint0.Task1.V0", "Tyuiu.NosyrevaUA.Sprint0.Task1.V0\Tyuiu.NosyrevaUA.Sprint0.Task1.V0.csproj", "{2816DC7C-45D4-4275-A28E-412F3F6A06FD}"
EndProject
Project("{2150E333-8FDC-42A3-9474-1A3956D46DE8}") = "Task2", "Task2", "{DD5D5D7C-0092-4A7B-A323-72BECB17B746}"
EndProject
Project("{FAE04EC0-301F-11D3-BF4B-00C04F79EFBC}") = "Tyuiu.NosyrevaUA.Sprint0.Task2.V0", "Tyuiu.NosyrevaUA.Sprint0.Task2.V0\Tyuiu.NosyrevaUA.Sprint0.Task2.V0.csproj", "{F89BB8F6-9407-4EA4-89BA-A2EB04ED9B9F}"
EndProject
Project("{FAE04EC0-301F-11D3-BF4B-00C04F79EFBC}") = "Tyuiu.NosyrevaUA.Sprint0.Task2.V0.Lib", "Tyuiu.NosyrevaUA.Sprint0.Task2.V0.Lib\Tyuiu.NosyrevaUA.Sprint0.Task2.V0.Lib.csproj", "{E435481F-59B6-4598-BFB0-BD2550504036}"
EndProject
Project("{FAE04EC0-301F-11D3-BF4B-00C04F79EFBC}") = "Tyuiu.NosyrevaUA.Sprint0.Task2.V0.Test", "Tyuiu.NosyrevaUA.Sprint0.Task2.V0.Test\Tyuiu.NosyrevaUA.Sprint0.Task2.V0.Test.csproj", "{9967EDDF-F1C6-4BC3-9A37-A9677CE462A9}"
EndProject
Project("{2150E333-8FDC-42A3-9474-1A3956D46DE8}") = "Task3", "Task3", "{365A07DC-FA0A-4144-A6A5-AC69A3B08E2F}"
EndProject
Project("{FAE04EC0-301F-11D3-BF4B-00C04F79EFBC}") = "Tyuiu.NosyrevaUA.Sprint0.Task3.V0", "Tyuiu.NosyrevaUA.Sprint0.Task3.V0\Tyuiu.NosyrevaUA.Sprint0.Task3.V0.csproj", "{303F3CFE-B31B-4D56-8E0D-1B319E984D11}"
EndProject
Project("{FAE04EC0-301F-11D3-BF4B-00C04F79EFBC}") = "Tyuiu.NosyrevaUA.Sprint0.Task3.V0.Lib", "Tyuiu.NosyrevaUA.Sprint0.Task3.V0.Lib\Tyuiu.NosyrevaUA.Sprint0.Task3.V0.Lib.csproj", "{CAA29B04-56DD-40FA-B56A-B2E15255CD7E}"
EndProject
Project("{FAE04EC0-301F-11D3-BF4B-00C04F79EFBC}") = "Tyuiu.NosyrevaUA.Sprint0.Task3.V0.Test", "Tyuiu.NosyrevaUA.Sprint0.Task3.V0.Test\Tyuiu.NosyrevaUA.Sprint0.Task3.V0.Test.csproj", "{48F166F0-A535-4586-A306-4753360F1C7B}"
EndProject
Project("{2150E333-8FDC-42A3-9474-1A3956D46DE8}") = "Task4", "Task4", "{3964B9B1-915B-4603-B1F1-B2E99D5BF8A5}"
EndProject
Project("{FAE04EC0-301F-11D3-BF4B-00C04F79EFBC}") = "Tyuiu.NosyrevaUA.Sprint0.Task4.V0", "Tyuiu.NosyrevaUA.Sprint0.Task4.V0\Tyuiu.NosyrevaUA.Sprint0.Task4.V0.csproj", "{6337CBA9-86BA-4B34-9E83-963219465F72}"
EndProject
Project("{FAE04EC0-301F-11D3-BF4B-00C04F79EFBC}") = "Tyuiu.NosyrevaUA.Sprint0.Task4.V0.Lib", "Tyuiu.NosyrevaUA.Sprint0.Task4.V0.Lib\Tyuiu.NosyrevaUA.Sprint0.Task4.V0.Lib.csproj", "{D9553FC7-80FA-47E2-8D89-DA5DCF43DF9B}"
EndProject
Project("{FAE04EC0-301F-11D3-BF4B-00C04F79EFBC}") = "Tyuiu.NosyrevaUA.Sprint0.Task4.V0.Test", "Tyuiu.NosyrevaUA.Sprint0.Task4.V0.Test\Tyuiu.NosyrevaUA.Sprint0.Task4.V0.Test.csproj", "{1B8ECD41-CDE9-4B38-A792-48B2C490CCBD}"
EndProject
Global
	GlobalSection(SolutionConfigurationPlatforms) = preSolution
		Debug|Any CPU = Debug|Any CPU
		Release|Any CPU = Release|Any CPU
	EndGlobalSection
	GlobalSection(ProjectConfigurationPlatforms) = postSolution
		{880C8E58-ED16-4368-8FCB-1BF261AC811C}.Debug|Any CPU.ActiveCfg = Debug|Any CPU
		{880C8E58-ED16-4368-8FCB-1BF261AC811C}.Debug|Any CPU.Build.0 = Debug|Any CPU
		{880C8E58-ED16-4368-8FCB-1BF261AC811C}.Release|Any CPU.ActiveCfg = Release|Any CPU
		{880C8E58-ED16-4368-8FCB-1BF261AC811C}.Release|Any CPU.Build.0 = Release|Any CPU
		{2816DC7C-45D4-4275-A28E-412F3F6A06FD}.Debug|Any CPU.ActiveCfg = Debug|Any CPU
		{2816DC7C-45D4-4275-A28E-412F3F6A06FD}.Debug|Any CPU.Build.0 = Debug|Any CPU
		{2816DC7C-45D4-4275-A28E-412F3F6A06FD}.Release|Any CPU.ActiveCfg = Release|Any CPU
		{2816DC7C-45D4-4275-A28E-412F3F6A06FD}.Release|Any CPU.Build.0 = Release|Any CPU
		{F89BB8F6-9407-4EA4-89BA-A2EB04ED9B9F}.Debug|Any CPU.ActiveCfg = Debug|Any CPU
		{F89BB8F6-9407-4EA4-89BA-A2EB04ED9B9F}.Debug|Any CPU.Build.0 = Debug|Any CPU
		{F89BB8F6-9407-4EA4-89BA-A2EB04ED9B9F}.Release|Any CPU.ActiveCfg = Release|Any CPU
		{F89BB8F6-9407-4EA4-89BA-A2EB04ED9B9F}.Release|Any CPU.Build.0 = Release|Any CPU
		{E435481F-59B6-4598-BFB0-BD2550504036}.Debug|Any CPU.ActiveCfg = Debug|Any CPU
		{E435481F-59B6-4598-BFB0-BD2550504036}.Debug|Any CPU.Build.0 = Debug|Any CPU
		{E435481F-59B6-4598-BFB0-BD2550504036}.Release|Any CPU.ActiveCfg = Release|Any CPU
		{E435481F-59B6-4598-BFB0-BD2550504036}.Release|Any CPU.Build.0 = Release|Any CPU
		{9967EDDF-F1C6-4BC3-9A37-A9677CE462A9}.Debug|Any CPU.ActiveCfg = Debug|Any CPU
		{9967EDDF-F1C6-4BC3-9A37-A9677CE462A9}.Debug|Any CPU.Build.0 = Debug|Any CPU
		{9967EDDF-F1C6-4BC3-9A37-A9677CE462A9}.Release|Any CPU.ActiveCfg = Release|Any CPU
		{9967EDDF-F1C6-4BC3-9A37-A9677CE462A9}.Release|Any CPU.Build.0 = Release|Any CPU
		{303F3CFE-B31B-4D56-8E0D-1B319E984D11}.Debug|Any CPU.ActiveCfg = Debug|Any CPU
		{303F3CFE-B31B-4D56-8E0D-1B319E984D11}.Debug|Any CPU.Build.0 = Debug|Any CPU
		{303F3CFE-B31B-4D56-8E0D-1B319E984D11}.Release|Any CPU.ActiveCfg = Release|Any CPU
		{303F3CFE-B31B-4D56-8E0D-1B319E984D11}.Release|Any CPU.Build.0 = Release|Any CPU
		{CAA29B04-56DD-40FA-B56A-B2E15255CD7E}.Debug|Any CPU.ActiveCfg = Debug|Any CPU
		{CAA29B04-56DD-40FA-B56A-B2E15255CD7E}.Debug|Any CPU.Build.0 = Debug|Any CPU
		{CAA29B04-56DD-40FA-B56A-B2E15255CD7E}.Release|Any CPU.ActiveCfg = Release|Any CPU
		{CAA29B04-56DD-40FA-B56A-B2E15255CD7E}.Release|Any CPU.Build.0 = Release|Any CPU
		{48F166F0-A535-4586-A306-4753360F1C7B}.Debug|Any CPU.ActiveCfg = Debug|Any CPU
		{48F166F0-A535-4586-A306-4753360F1C7B}.Debug|Any CPU.Build.0 = Debug|Any CPU
		{48F166F0-A535-4586-A306-4753360F1C7B}.Release|Any CPU.ActiveCfg = Release|Any CPU
		{48F166F0-A535-4586-A306-4753360F1C7B}.Release|Any CPU.Build.0 = Release|Any CPU
		{6337CBA9-86BA-4B34-9E83-963219465F72}.Debug|Any CPU.ActiveCfg = Debug|Any CPU
		{6337CBA9-86BA-4B34-9E83-963219465F72}.Debug|Any CPU.Build.0 = Debug|Any CPU
		{6337CBA9-86BA-4B34-9E83-963219465F72}.Release|Any CPU.ActiveCfg = Release|Any CPU
		{6337CBA9-86BA-4B34-9E83-963219465F72}.Release|Any CPU.Build.0 = Release|Any CPU
		{D9553FC7-80FA-47E2-8D89-DA5DCF43DF9B}.Debug|Any CPU.ActiveCfg = Debug|Any CPU
		{D9553FC7-80FA-47E2-8D89-DA5DCF43DF9B}.Debug|Any CPU.Build.0 = Debug|Any CPU
		{D9553FC7-80FA-47E2-8D89-DA5DCF43DF9B}.Release|Any CPU.ActiveCfg = Release|Any CPU
		{D9553FC7-80FA-47E2-8D89-DA5DCF43DF9B}.Release|Any CPU.Build.0 = Release|Any CPU
		{1B8ECD41-CDE9-4B38-A792-48B2C490CCBD}.Debug|Any CPU.ActiveCfg = Debug|Any CPU
		{1B8ECD41-CDE9-4B38-A792-48B2C490CCBD}.Debug|Any CPU.Build.0 = Debug|Any CPU
		{1B8ECD41-CDE9-4B38-A792-48B2C490CCBD}.Release|Any CPU.ActiveCfg = Release|Any CPU
		{1B8ECD41-CDE9-4B38-A792-48B2C490CCBD}.Release|Any CPU.Build.0 = Release|Any CPU
	EndGlobalSection
	GlobalSection(SolutionProperties) = preSolution
		HideSolutionNode = FALSE
	EndGlobalSection
	GlobalSection(NestedProjects) = preSolution
		{880C8E58-ED16-4368-8FCB-1BF261AC811C} = {98EB7467-47E5-4CAD-9D52-62925672F1A3}
		{2816DC7C-45D4-4275-A28E-412F3F6A06FD} = {E13EBE52-F596-4FFA-BEE2-2E2AF5F4AF4F}
		{F89BB8F6-9407-4EA4-89BA-A2EB04ED9B9F} = {DD5D5D7C-0092-4A7B-A323-72BECB17B746}
		{E435481F-59B6-4598-BFB0-BD2550504036} = {DD5D5D7C-0092-4A7B-A323-72BECB17B746}
		{9967EDDF-F1C6-4BC3-9A37-A9677CE462A9} = {DD5D5D7C-0092-4A7B-A323-72BECB17B746}
		{303F3CFE-B31B-4D56-8E0D-1B319E984D11} = {365A07DC-FA0A-4144-A6A5-AC69A3B08E2F}
		{CAA29B04-56DD-40FA-B56A-B2E15255CD7E} = {365A07DC-FA0A-4144-A6A5-AC69A3B08E2F}
		{48F166F0-A535-4586-A306-4753360F1C7B} = {365A07DC-FA0A-4144-A6A5-AC69A3B08E2F}
		{6337CBA9-86BA-4B34-9E83-963219465F72} = {3964B9B1-915B-4603-B1F1-B2E99D5BF8A5}
		{D9553FC7-80FA-47E2-8D89-DA5DCF43DF9B} = {3964B9B1-915B-4603-B1F1-B2E99D5BF8A5}
		{1B8ECD41-CDE9-4B38-A792-48B2C490CCBD} = {3964B9B1-915B-4603-B1F1-B2E99D5BF8A5}
	EndGlobalSection
	GlobalSection(ExtensibilityGlobals) = postSolution
		SolutionGuid = {05DA26AA-2F2D-4A33-962A-E3C5A2D5D021}
	EndGlobalSection
EndGlobal
